
Microsoft Visual Studio Solution File, Format Version 12.00
# Visual Studio 15
VisualStudioVersion = 15.0.28010.2050
MinimumVisualStudioVersion = 10.0.40219.1
Project("{8BC9CEB8-8B4A-11D0-8D11-00A0C91BC942}") = "23", "23\23.vcxproj", "{EF2CE510-5C4A-4578-8F3D-005C3C37FA99}"
EndProject
Global
	GlobalSection(SolutionConfigurationPlatforms) = preSolution
		Debug|x64 = Debug|x64
		Debug|x86 = Debug|x86
		Release|x64 = Release|x64
		Release|x86 = Release|x86
	EndGlobalSection
	GlobalSection(ProjectConfigurationPlatforms) = postSolution
		{EF2CE510-5C4A-4578-8F3D-005C3C37FA99}.Debug|x64.ActiveCfg = Debug|x64
		{EF2CE510-5C4A-4578-8F3D-005C3C37FA99}.Debug|x64.Build.0 = Debug|x64
		{EF2CE510-5C4A-4578-8F3D-005C3C37FA99}.Debug|x86.ActiveCfg = Debug|Win32
		{EF2CE510-5C4A-4578-8F3D-005C3C37FA99}.Debug|x86.Build.0 = Debug|Win32
		{EF2CE510-5C4A-4578-8F3D-005C3C37FA99}.Release|x64.ActiveCfg = Release|x64
		{EF2CE510-5C4A-4578-8F3D-005C3C37FA99}.Release|x64.Build.0 = Release|x64
		{EF2CE510-5C4A-4578-8F3D-005C3C37FA99}.Release|x86.ActiveCfg = Release|Win32
		{EF2CE510-5C4A-4578-8F3D-005C3C37FA99}.Release|x86.Build.0 = Release|Win32
	EndGlobalSection
	GlobalSection(SolutionProperties) = preSolution
		HideSolutionNode = FALSE
	EndGlobalSection
	GlobalSection(ExtensibilityGlobals) = postSolution
		SolutionGuid = {398026BF-B288-4070-8443-5C1FBD89259F}
	EndGlobalSection
EndGlobal
